
Microsoft Visual Studio Solution File, Format Version 12.00
# Visual Studio Version 17
VisualStudioVersion = 17.3.32519.111
MinimumVisualStudioVersion = 10.0.40219.1
Project("{9A19103F-16F7-4668-BE54-9A1E7A4F7556}") = "WPFApplicationBatch4", "WPFApplicationBatch4.csproj", "{50848628-4068-407B-9227-2A06CC571FDF}"
EndProject
Global
	GlobalSection(SolutionConfigurationPlatforms) = preSolution
		Debug|Any CPU = Debug|Any CPU
		Release|Any CPU = Release|Any CPU
	EndGlobalSection
	GlobalSection(ProjectConfigurationPlatforms) = postSolution
		{50848628-4068-407B-9227-2A06CC571FDF}.Debug|Any CPU.ActiveCfg = Debug|Any CPU
		{50848628-4068-407B-9227-2A06CC571FDF}.Debug|Any CPU.Build.0 = Debug|Any CPU
		{50848628-4068-407B-9227-2A06CC571FDF}.Release|Any CPU.ActiveCfg = Release|Any CPU
		{50848628-4068-407B-9227-2A06CC571FDF}.Release|Any CPU.Build.0 = Release|Any CPU
	EndGlobalSection
	GlobalSection(SolutionProperties) = preSolution
		HideSolutionNode = FALSE
	EndGlobalSection
	GlobalSection(ExtensibilityGlobals) = postSolution
		SolutionGuid = {025BCB38-3147-42A2-9697-C0A039113C46}
	EndGlobalSection
EndGlobal
